// !$*UTF8*$!
{
	archiveVersion = 1;
	classes = {
	};
	objectVersion = 55;
	objects = {

/* Begin PBXBuildFile section */
		A2940E9B27909D00000A9F79 /* AppDelegate.swift in Sources */ = {isa = PBXBuildFile; fileRef = A2940E9A27909D00000A9F79 /* AppDelegate.swift */; };
		A2940E9D27909D00000A9F79 /* SceneDelegate.swift in Sources */ = {isa = PBXBuildFile; fileRef = A2940E9C27909D00000A9F79 /* SceneDelegate.swift */; };
		A2940E9F27909D00000A9F79 /* ViewController.swift in Sources */ = {isa = PBXBuildFile; fileRef = A2940E9E27909D00000A9F79 /* ViewController.swift */; };
		A2940EA227909D00000A9F79 /* Main.storyboard in Resources */ = {isa = PBXBuildFile; fileRef = A2940EA027909D00000A9F79 /* Main.storyboard */; };
		A2940EA427909D01000A9F79 /* Assets.xcassets in Resources */ = {isa = PBXBuildFile; fileRef = A2940EA327909D01000A9F79 /* Assets.xcassets */; };
		A2940EA727909D01000A9F79 /* LaunchScreen.storyboard in Resources */ = {isa = PBXBuildFile; fileRef = A2940EA527909D01000A9F79 /* LaunchScreen.storyboard */; };
		A2940EAF2790AA52000A9F79 /* GolfProtocol.swift in Sources */ = {isa = PBXBuildFile; fileRef = A2940EAE2790AA52000A9F79 /* GolfProtocol.swift */; };
		A2940EB12790AAE9000A9F79 /* Golf.swift in Sources */ = {isa = PBXBuildFile; fileRef = A2940EB02790AAE9000A9F79 /* Golf.swift */; };
		A2940EB42790ABE5000A9F79 /* GolfDecorator.swift in Sources */ = {isa = PBXBuildFile; fileRef = A2940EB32790ABE5000A9F79 /* GolfDecorator.swift */; };
		A2C73D242791BEE0000C51E8 /* LifeGolf.swift in Sources */ = {isa = PBXBuildFile; fileRef = A2C73D232791BEE0000C51E8 /* LifeGolf.swift */; };
		A2C73D262791C116000C51E8 /* StyleGolf.swift in Sources */ = {isa = PBXBuildFile; fileRef = A2C73D252791C116000C51E8 /* StyleGolf.swift */; };
/* End PBXBuildFile section */

/* Begin PBXFileReference section */
		A2940E9727909D00000A9F79 /* Patterns-Decorator.app */ = {isa = PBXFileReference; explicitFileType = wrapper.application; includeInIndex = 0; path = "Patterns-Decorator.app"; sourceTree = BUILT_PRODUCTS_DIR; };
		A2940E9A27909D00000A9F79 /* AppDelegate.swift */ = {isa = PBXFileReference; lastKnownFileType = sourcecode.swift; path = AppDelegate.swift; sourceTree = "<group>"; };
		A2940E9C27909D00000A9F79 /* SceneDelegate.swift */ = {isa = PBXFileReference; lastKnownFileType = sourcecode.swift; path = SceneDelegate.swift; sourceTree = "<group>"; };
		A2940E9E27909D00000A9F79 /* ViewController.swift */ = {isa = PBXFileReference; lastKnownFileType = sourcecode.swift; path = ViewController.swift; sourceTree = "<group>"; };
		A2940EA127909D00000A9F79 /* Base */ = {isa = PBXFileReference; lastKnownFileType = file.storyboard; name = Base; path = Base.lproj/Main.storyboard; sourceTree = "<group>"; };
		A2940EA327909D01000A9F79 /* Assets.xcassets */ = {isa = PBXFileReference; lastKnownFileType = folder.assetcatalog; path = Assets.xcassets; sourceTree = "<group>"; };
		A2940EA627909D01000A9F79 /* Base */ = {isa = PBXFileReference; lastKnownFileType = file.storyboard; name = Base; path = Base.lproj/LaunchScreen.storyboard; sourceTree = "<group>"; };
		A2940EA827909D01000A9F79 /* Info.plist */ = {isa = PBXFileReference; lastKnownFileType = text.plist.xml; path = Info.plist; sourceTree = "<group>"; };
		A2940EAE2790AA52000A9F79 /* GolfProtocol.swift */ = {isa = PBXFileReference; lastKnownFileType = sourcecode.swift; path = GolfProtocol.swift; sourceTree = "<group>"; };
		A2940EB02790AAE9000A9F79 /* Golf.swift */ = {isa = PBXFileReference; lastKnownFileType = sourcecode.swift; path = Golf.swift; sourceTree = "<group>"; };
		A2940EB32790ABE5000A9F79 /* GolfDecorator.swift */ = {isa = PBXFileReference; lastKnownFileType = sourcecode.swift; path = GolfDecorator.swift; sourceTree = "<group>"; };
		A2C73D232791BEE0000C51E8 /* LifeGolf.swift */ = {isa = PBXFileReference; lastKnownFileType = sourcecode.swift; path = LifeGolf.swift; sourceTree = "<group>"; };
		A2C73D252791C116000C51E8 /* StyleGolf.swift */ = {isa = PBXFileReference; lastKnownFileType = sourcecode.swift; path = StyleGolf.swift; sourceTree = "<group>"; };
/* End PBXFileReference section */

/* Begin PBXFrameworksBuildPhase section */
		A2940E9427909D00000A9F79 /* Frameworks */ = {
			isa = PBXFrameworksBuildPhase;
			buildActionMask = 2147483647;
			files = (
			);
			runOnlyForDeploymentPostprocessing = 0;
		};
/* End PBXFrameworksBuildPhase section */

/* Begin PBXGroup section */
		A2940E8E27909D00000A9F79 = {
			isa = PBXGroup;
			children = (
				A2940E9927909D00000A9F79 /* Patterns-Decorator */,
				A2940E9827909D00000A9F79 /* Products */,
			);
			sourceTree = "<group>";
		};
		A2940E9827909D00000A9F79 /* Products */ = {
			isa = PBXGroup;
			children = (
				A2940E9727909D00000A9F79 /* Patterns-Decorator.app */,
			);
			name = Products;
			sourceTree = "<group>";
		};
		A2940E9927909D00000A9F79 /* Patterns-Decorator */ = {
			isa = PBXGroup;
			children = (
				A2940E9A27909D00000A9F79 /* AppDelegate.swift */,
				A2940E9C27909D00000A9F79 /* SceneDelegate.swift */,
				A2940EB52790ABE9000A9F79 /* Decorator */,
				A2940EB22790AB88000A9F79 /* Car */,
				A2940E9E27909D00000A9F79 /* ViewController.swift */,
				A2940EA027909D00000A9F79 /* Main.storyboard */,
				A2940EA327909D01000A9F79 /* Assets.xcassets */,
				A2940EA527909D01000A9F79 /* LaunchScreen.storyboard */,
				A2940EA827909D01000A9F79 /* Info.plist */,
			);
			path = "Patterns-Decorator";
			sourceTree = "<group>";
		};
		A2940EB22790AB88000A9F79 /* Car */ = {
			isa = PBXGroup;
			children = (
				A2940EAE2790AA52000A9F79 /* GolfProtocol.swift */,
				A2940EB02790AAE9000A9F79 /* Golf.swift */,
			);
			path = Car;
			sourceTree = "<group>";
		};
		A2940EB52790ABE9000A9F79 /* Decorator */ = {
			isa = PBXGroup;
			children = (
				A2940EB32790ABE5000A9F79 /* GolfDecorator.swift */,
				A2C73D232791BEE0000C51E8 /* LifeGolf.swift */,
				A2C73D252791C116000C51E8 /* StyleGolf.swift */,
			);
			path = Decorator;
			sourceTree = "<group>";
		};
/* End PBXGroup section */

/* Begin PBXNativeTarget section */
		A2940E9627909D00000A9F79 /* Patterns-Decorator */ = {
			isa = PBXNativeTarget;
			buildConfigurationList = A2940EAB27909D01000A9F79 /* Build configuration list for PBXNativeTarget "Patterns-Decorator" */;
			buildPhases = (
				A2940E9327909D00000A9F79 /* Sources */,
				A2940E9427909D00000A9F79 /* Frameworks */,
				A2940E9527909D00000A9F79 /* Resources */,
			);
			buildRules = (
			);
			dependencies = (
			);
			name = "Patterns-Decorator";
			productName = "Patterns-Decorator";
			productReference = A2940E9727909D00000A9F79 /* Patterns-Decorator.app */;
			productType = "com.apple.product-type.application";
		};
/* End PBXNativeTarget section */

/* Begin PBXProject section */
		A2940E8F27909D00000A9F79 /* Project object */ = {
			isa = PBXProject;
			attributes = {
				BuildIndependentTargetsInParallel = 1;
				LastSwiftUpdateCheck = 1320;
				LastUpgradeCheck = 1320;
				TargetAttributes = {
					A2940E9627909D00000A9F79 = {
						CreatedOnToolsVersion = 13.2.1;
					};
				};
			};
			buildConfigurationList = A2940E9227909D00000A9F79 /* Build configuration list for PBXProject "Patterns-Decorator" */;
			compatibilityVersion = "Xcode 13.0";
			developmentRegion = en;
			hasScannedForEncodings = 0;
			knownRegions = (
				en,
				Base,
			);
			mainGroup = A2940E8E27909D00000A9F79;
			productRefGroup = A2940E9827909D00000A9F79 /* Products */;
			projectDirPath = "";
			projectRoot = "";
			targets = (
				A2940E9627909D00000A9F79 /* Patterns-Decorator */,
			);
		};
/* End PBXProject section */

/* Begin PBXResourcesBuildPhase section */
		A2940E9527909D00000A9F79 /* Resources */ = {
			isa = PBXResourcesBuildPhase;
			buildActionMask = 2147483647;
			files = (
				A2940EA727909D01000A9F79 /* LaunchScreen.storyboard in Resources */,
				A2940EA427909D01000A9F79 /* Assets.xcassets in Resources */,
				A2940EA227909D00000A9F79 /* Main.storyboard in Resources */,
			);
			runOnlyForDeploymentPostprocessing = 0;
		};
/* End PBXResourcesBuildPhase section */

/* Begin PBXSourcesBuildPhase section */
		A2940E9327909D00000A9F79 /* Sources */ = {
			isa = PBXSourcesBuildPhase;
			buildActionMask = 2147483647;
			files = (
				A2C73D242791BEE0000C51E8 /* LifeGolf.swift in Sources */,
				A2940E9F27909D00000A9F79 /* ViewController.swift in Sources */,
				A2940E9B27909D00000A9F79 /* AppDelegate.swift in Sources */,
				A2C73D262791C116000C51E8 /* StyleGolf.swift in Sources */,
				A2940EB12790AAE9000A9F79 /* Golf.swift in Sources */,
				A2940E9D27909D00000A9F79 /* SceneDelegate.swift in Sources */,
				A2940EAF2790AA52000A9F79 /* GolfProtocol.swift in Sources */,
				A2940EB42790ABE5000A9F79 /* GolfDecorator.swift in Sources */,
			);
			runOnlyForDeploymentPostprocessing = 0;
		};
/* End PBXSourcesBuildPhase section */

/* Begin PBXVariantGroup section */
		A2940EA027909D00000A9F79 /* Main.storyboard */ = {
			isa = PBXVariantGroup;
			children = (
				A2940EA127909D00000A9F79 /* Base */,
			);
			name = Main.storyboard;
			sourceTree = "<group>";
		};
		A2940EA527909D01000A9F79 /* LaunchScreen.storyboard */ = {
			isa = PBXVariantGroup;
			children = (
				A2940EA627909D01000A9F79 /* Base */,
			);
			name = LaunchScreen.storyboard;
			sourceTree = "<group>";
		};
/* End PBXVariantGroup section */

/* Begin XCBuildConfiguration section */
		A2940EA927909D01000A9F79 /* Debug */ = {
			isa = XCBuildConfiguration;
			buildSettings = {
				ALWAYS_SEARCH_USER_PATHS = NO;
				CLANG_ANALYZER_NONNULL = YES;
				CLANG_ANALYZER_NUMBER_OBJECT_CONVERSION = YES_AGGRESSIVE;
				CLANG_CXX_LANGUAGE_STANDARD = "gnu++17";
				CLANG_CXX_LIBRARY = "libc++";
				CLANG_ENABLE_MODULES = YES;
				CLANG_ENABLE_OBJC_ARC = YES;
				CLANG_ENABLE_OBJC_WEAK = YES;
				CLANG_WARN_BLOCK_CAPTURE_AUTORELEASING = YES;
				CLANG_WARN_BOOL_CONVERSION = YES;
				CLANG_WARN_COMMA = YES;
				CLANG_WARN_CONSTANT_CONVERSION = YES;
				CLANG_WARN_DEPRECATED_OBJC_IMPLEMENTATIONS = YES;
				CLANG_WARN_DIRECT_OBJC_ISA_USAGE = YES_ERROR;
				CLANG_WARN_DOCUMENTATION_COMMENTS = YES;
				CLANG_WARN_EMPTY_BODY = YES;
				CLANG_WARN_ENUM_CONVERSION = YES;
				CLANG_WARN_INFINITE_RECURSION = YES;
				CLANG_WARN_INT_CONVERSION = YES;
				CLANG_WARN_NON_LITERAL_NULL_CONVERSION = YES;
				CLANG_WARN_OBJC_IMPLICIT_RETAIN_SELF = YES;
				CLANG_WARN_OBJC_LITERAL_CONVERSION = YES;
				CLANG_WARN_OBJC_ROOT_CLASS = YES_ERROR;
				CLANG_WARN_QUOTED_INCLUDE_IN_FRAMEWORK_HEADER = YES;
				CLANG_WARN_RANGE_LOOP_ANALYSIS = YES;
				CLANG_WARN_STRICT_PROTOTYPES = YES;
				CLANG_WARN_SUSPICIOUS_MOVE = YES;
				CLANG_WARN_UNGUARDED_AVAILABILITY = YES_AGGRESSIVE;
				CLANG_WARN_UNREACHABLE_CODE = YES;
				CLANG_WARN__DUPLICATE_METHOD_MATCH = YES;
				COPY_PHASE_STRIP = NO;
				DEBUG_INFORMATION_FORMAT = dwarf;
				ENABLE_STRICT_OBJC_MSGSEND = YES;
				ENABLE_TESTABILITY = YES;
				GCC_C_LANGUAGE_STANDARD = gnu11;
				GCC_DYNAMIC_NO_PIC = NO;
				GCC_NO_COMMON_BLOCKS = YES;
				GCC_OPTIMIZATION_LEVEL = 0;
				GCC_PREPROCESSOR_DEFINITIONS = (
					"DEBUG=1",
					"$(inherited)",
				);
				GCC_WARN_64_TO_32_BIT_CONVERSION = YES;
				GCC_WARN_ABOUT_RETURN_TYPE = YES_ERROR;
				GCC_WARN_UNDECLARED_SELECTOR = YES;
				GCC_WARN_UNINITIALIZED_AUTOS = YES_AGGRESSIVE;
				GCC_WARN_UNUSED_FUNCTION = YES;
				GCC_WARN_UNUSED_VARIABLE = YES;
				IPHONEOS_DEPLOYMENT_TARGET = 15.2;
				MTL_ENABLE_DEBUG_INFO = INCLUDE_SOURCE;
				MTL_FAST_MATH = YES;
				ONLY_ACTIVE_ARCH = YES;
				SDKROOT = iphoneos;
				SWIFT_ACTIVE_COMPILATION_CONDITIONS = DEBUG;
				SWIFT_OPTIMIZATION_LEVEL = "-Onone";
			};
			name = Debug;
		};
		A2940EAA27909D01000A9F79 /* Release */ = {
			isa = XCBuildConfiguration;
			buildSettings = {
				ALWAYS_SEARCH_USER_PATHS = NO;
				CLANG_ANALYZER_NONNULL = YES;
				CLANG_ANALYZER_NUMBER_OBJECT_CONVERSION = YES_AGGRESSIVE;
				CLANG_CXX_LANGUAGE_STANDARD = "gnu++17";
				CLANG_CXX_LIBRARY = "libc++";
				CLANG_ENABLE_MODULES = YES;
				CLANG_ENABLE_OBJC_ARC = YES;
				CLANG_ENABLE_OBJC_WEAK = YES;
				CLANG_WARN_BLOCK_CAPTURE_AUTORELEASING = YES;
				CLANG_WARN_BOOL_CONVERSION = YES;
				CLANG_WARN_COMMA = YES;
				CLANG_WARN_CONSTANT_CONVERSION = YES;
				CLANG_WARN_DEPRECATED_OBJC_IMPLEMENTATIONS = YES;
				CLANG_WARN_DIRECT_OBJC_ISA_USAGE = YES_ERROR;
				CLANG_WARN_DOCUMENTATION_COMMENTS = YES;
				CLANG_WARN_EMPTY_BODY = YES;
				CLANG_WARN_ENUM_CONVERSION = YES;
				CLANG_WARN_INFINITE_RECURSION = YES;
				CLANG_WARN_INT_CONVERSION = YES;
				CLANG_WARN_NON_LITERAL_NULL_CONVERSION = YES;
				CLANG_WARN_OBJC_IMPLICIT_RETAIN_SELF = YES;
				CLANG_WARN_OBJC_LITERAL_CONVERSION = YES;
				CLANG_WARN_OBJC_ROOT_CLASS = YES_ERROR;
				CLANG_WARN_QUOTED_INCLUDE_IN_FRAMEWORK_HEADER = YES;
				CLANG_WARN_RANGE_LOOP_ANALYSIS = YES;
				CLANG_WARN_STRICT_PROTOTYPES = YES;
				CLANG_WARN_SUSPICIOUS_MOVE = YES;
				CLANG_WARN_UNGUARDED_AVAILABILITY = YES_AGGRESSIVE;
				CLANG_WARN_UNREACHABLE_CODE = YES;
				CLANG_WARN__DUPLICATE_METHOD_MATCH = YES;
				COPY_PHASE_STRIP = NO;
				DEBUG_INFORMATION_FORMAT = "dwarf-with-dsym";
				ENABLE_NS_ASSERTIONS = NO;
				ENABLE_STRICT_OBJC_MSGSEND = YES;
				GCC_C_LANGUAGE_STANDARD = gnu11;
				GCC_NO_COMMON_BLOCKS = YES;
				GCC_WARN_64_TO_32_BIT_CONVERSION = YES;
				GCC_WARN_ABOUT_RETURN_TYPE = YES_ERROR;
				GCC_WARN_UNDECLARED_SELECTOR = YES;
				GCC_WARN_UNINITIALIZED_AUTOS = YES_AGGRESSIVE;
				GCC_WARN_UNUSED_FUNCTION = YES;
				GCC_WARN_UNUSED_VARIABLE = YES;
				IPHONEOS_DEPLOYMENT_TARGET = 15.2;
				MTL_ENABLE_DEBUG_INFO = NO;
				MTL_FAST_MATH = YES;
				SDKROOT = iphoneos;
				SWIFT_COMPILATION_MODE = wholemodule;
				SWIFT_OPTIMIZATION_LEVEL = "-O";
				VALIDATE_PRODUCT = YES;
			};
			name = Release;
		};
		A2940EAC27909D01000A9F79 /* Debug */ = {
			isa = XCBuildConfiguration;
			buildSettings = {
				ASSETCATALOG_COMPILER_APPICON_NAME = AppIcon;
				ASSETCATALOG_COMPILER_GLOBAL_ACCENT_COLOR_NAME = AccentColor;
				CODE_SIGN_STYLE = Automatic;
				CURRENT_PROJECT_VERSION = 1;
				DEVELOPMENT_TEAM = U3JHK4U826;
				GENERATE_INFOPLIST_FILE = YES;
				INFOPLIST_FILE = "Patterns-Decorator/Info.plist";
				INFOPLIST_KEY_UIApplicationSupportsIndirectInputEvents = YES;
				INFOPLIST_KEY_UILaunchStoryboardName = LaunchScreen;
				INFOPLIST_KEY_UIMainStoryboardFile = Main;
				INFOPLIST_KEY_UISupportedInterfaceOrientations_iPad = "UIInterfaceOrientationPortrait UIInterfaceOrientationPortraitUpsideDown UIInterfaceOrientationLandscapeLeft UIInterfaceOrientationLandscapeRight";
				INFOPLIST_KEY_UISupportedInterfaceOrientations_iPhone = "UIInterfaceOrientationPortrait UIInterfaceOrientationLandscapeLeft UIInterfaceOrientationLandscapeRight";
				LD_RUNPATH_SEARCH_PATHS = (
					"$(inherited)",
					"@executable_path/Frameworks",
				);
				MARKETING_VERSION = 1.0;
				PRODUCT_BUNDLE_IDENTIFIER = "YeoCompany.Patterns-Decorator";
				PRODUCT_NAME = "$(TARGET_NAME)";
				SWIFT_EMIT_LOC_STRINGS = YES;
				SWIFT_VERSION = 5.0;
				TARGETED_DEVICE_FAMILY = "1,2";
			};
			name = Debug;
		};
		A2940EAD27909D01000A9F79 /* Release */ = {
			isa = XCBuildConfiguration;
			buildSettings = {
				ASSETCATALOG_COMPILER_APPICON_NAME = AppIcon;
				ASSETCATALOG_COMPILER_GLOBAL_ACCENT_COLOR_NAME = AccentColor;
				CODE_SIGN_STYLE = Automatic;
				CURRENT_PROJECT_VERSION = 1;
				DEVELOPMENT_TEAM = U3JHK4U826;
				GENERATE_INFOPLIST_FILE = YES;
				INFOPLIST_FILE = "Patterns-Decorator/Info.plist";
				INFOPLIST_KEY_UIApplicationSupportsIndirectInputEvents = YES;
				INFOPLIST_KEY_UILaunchStoryboardName = LaunchScreen;
				INFOPLIST_KEY_UIMainStoryboardFile = Main;
				INFOPLIST_KEY_UISupportedInterfaceOrientations_iPad = "UIInterfaceOrientationPortrait UIInterfaceOrientationPortraitUpsideDown UIInterfaceOrientationLandscapeLeft UIInterfaceOrientationLandscapeRight";
				INFOPLIST_KEY_UISupportedInterfaceOrientations_iPhone = "UIInterfaceOrientationPortrait UIInterfaceOrientationLandscapeLeft UIInterfaceOrientationLandscapeRight";
				LD_RUNPATH_SEARCH_PATHS = (
					"$(inherited)",
					"@executable_path/Frameworks",
				);
				MARKETING_VERSION = 1.0;
				PRODUCT_BUNDLE_IDENTIFIER = "YeoCompany.Patterns-Decorator";
				PRODUCT_NAME = "$(TARGET_NAME)";
				SWIFT_EMIT_LOC_STRINGS = YES;
				SWIFT_VERSION = 5.0;
				TARGETED_DEVICE_FAMILY = "1,2";
			};
			name = Release;
		};
/* End XCBuildConfiguration section */

/* Begin XCConfigurationList section */
		A2940E9227909D00000A9F79 /* Build configuration list for PBXProject "Patterns-Decorator" */ = {
			isa = XCConfigurationList;
			buildConfigurations = (
				A2940EA927909D01000A9F79 /* Debug */,
				A2940EAA27909D01000A9F79 /* Release */,
			);
			defaultConfigurationIsVisible = 0;
			defaultConfigurationName = Release;
		};
		A2940EAB27909D01000A9F79 /* Build configuration list for PBXNativeTarget "Patterns-Decorator" */ = {
			isa = XCConfigurationList;
			buildConfigurations = (
				A2940EAC27909D01000A9F79 /* Debug */,
				A2940EAD27909D01000A9F79 /* Release */,
			);
			defaultConfigurationIsVisible = 0;
			defaultConfigurationName = Release;
		};
/* End XCConfigurationList section */
	};
	rootObject = A2940E8F27909D00000A9F79 /* Project object */;
}
